
Microsoft Visual Studio Solution File, Format Version 12.00
# Visual Studio Version 17
VisualStudioVersion = 17.13.35825.156 d17.13
MinimumVisualStudioVersion = 10.0.40219.1
Project("{FAE04EC0-301F-11D3-BF4B-00C04F79EFBC}") = "Role-Auth-MVC", "Role-Auth-MVC\Role-Auth-MVC.csproj", "{748E2CDE-459A-442F-A682-4ED45BBBD44E}"
EndProject
Global
	GlobalSection(SolutionConfigurationPlatforms) = preSolution
		Debug|Any CPU = Debug|Any CPU
		Release|Any CPU = Release|Any CPU
	EndGlobalSection
	GlobalSection(ProjectConfigurationPlatforms) = postSolution
		{748E2CDE-459A-442F-A682-4ED45BBBD44E}.Debug|Any CPU.ActiveCfg = Debug|Any CPU
		{748E2CDE-459A-442F-A682-4ED45BBBD44E}.Debug|Any CPU.Build.0 = Debug|Any CPU
		{748E2CDE-459A-442F-A682-4ED45BBBD44E}.Release|Any CPU.ActiveCfg = Release|Any CPU
		{748E2CDE-459A-442F-A682-4ED45BBBD44E}.Release|Any CPU.Build.0 = Release|Any CPU
	EndGlobalSection
	GlobalSection(SolutionProperties) = preSolution
		HideSolutionNode = FALSE
	EndGlobalSection
	GlobalSection(ExtensibilityGlobals) = postSolution
		SolutionGuid = {BD00598D-B03F-4017-81E8-822A9EF97BEE}
	EndGlobalSection
EndGlobal
